
Microsoft Visual Studio Solution File, Format Version 12.00
# Visual Studio Express 2012 for Windows Desktop
Project("{FAE04EC0-301F-11D3-BF4B-00C04F79EFBC}") = "Ejercicio_Condicional_if_Anidado", "Ejercicio_Condicional_if_Anidado\Ejercicio_Condicional_if_Anidado.csproj", "{163464AA-C853-4CE6-B99F-5E59BFE894C6}"
EndProject
Global
	GlobalSection(SolutionConfigurationPlatforms) = preSolution
		Debug|Any CPU = Debug|Any CPU
		Release|Any CPU = Release|Any CPU
	EndGlobalSection
	GlobalSection(ProjectConfigurationPlatforms) = postSolution
		{163464AA-C853-4CE6-B99F-5E59BFE894C6}.Debug|Any CPU.ActiveCfg = Debug|Any CPU
		{163464AA-C853-4CE6-B99F-5E59BFE894C6}.Debug|Any CPU.Build.0 = Debug|Any CPU
		{163464AA-C853-4CE6-B99F-5E59BFE894C6}.Release|Any CPU.ActiveCfg = Release|Any CPU
		{163464AA-C853-4CE6-B99F-5E59BFE894C6}.Release|Any CPU.Build.0 = Release|Any CPU
	EndGlobalSection
	GlobalSection(SolutionProperties) = preSolution
		HideSolutionNode = FALSE
	EndGlobalSection
EndGlobal
