
Microsoft Visual Studio Solution File, Format Version 12.00
# Visual Studio Express 2012 for Windows Desktop
Project("{FAE04EC0-301F-11D3-BF4B-00C04F79EFBC}") = "ejercicio_condicional_if", "ejercicio_condicional_if\ejercicio_condicional_if.csproj", "{2A43E46C-876F-4D2A-91D9-5722BB08EABC}"
EndProject
Global
	GlobalSection(SolutionConfigurationPlatforms) = preSolution
		Debug|Any CPU = Debug|Any CPU
		Release|Any CPU = Release|Any CPU
	EndGlobalSection
	GlobalSection(ProjectConfigurationPlatforms) = postSolution
		{2A43E46C-876F-4D2A-91D9-5722BB08EABC}.Debug|Any CPU.ActiveCfg = Debug|Any CPU
		{2A43E46C-876F-4D2A-91D9-5722BB08EABC}.Debug|Any CPU.Build.0 = Debug|Any CPU
		{2A43E46C-876F-4D2A-91D9-5722BB08EABC}.Release|Any CPU.ActiveCfg = Release|Any CPU
		{2A43E46C-876F-4D2A-91D9-5722BB08EABC}.Release|Any CPU.Build.0 = Release|Any CPU
	EndGlobalSection
	GlobalSection(SolutionProperties) = preSolution
		HideSolutionNode = FALSE
	EndGlobalSection
EndGlobal
