
Microsoft Visual Studio Solution File, Format Version 12.00
# Visual Studio Express 2012 for Windows Desktop
Project("{FAE04EC0-301F-11D3-BF4B-00C04F79EFBC}") = "FuncionConParametrosSinRetorno", "FuncionConParametrosSinRetorno\FuncionConParametrosSinRetorno.csproj", "{BA5A7C80-7AFB-40D4-B5C2-F1A3FA622C71}"
EndProject
Global
	GlobalSection(SolutionConfigurationPlatforms) = preSolution
		Debug|Any CPU = Debug|Any CPU
		Release|Any CPU = Release|Any CPU
	EndGlobalSection
	GlobalSection(ProjectConfigurationPlatforms) = postSolution
		{BA5A7C80-7AFB-40D4-B5C2-F1A3FA622C71}.Debug|Any CPU.ActiveCfg = Debug|Any CPU
		{BA5A7C80-7AFB-40D4-B5C2-F1A3FA622C71}.Debug|Any CPU.Build.0 = Debug|Any CPU
		{BA5A7C80-7AFB-40D4-B5C2-F1A3FA622C71}.Release|Any CPU.ActiveCfg = Release|Any CPU
		{BA5A7C80-7AFB-40D4-B5C2-F1A3FA622C71}.Release|Any CPU.Build.0 = Release|Any CPU
	EndGlobalSection
	GlobalSection(SolutionProperties) = preSolution
		HideSolutionNode = FALSE
	EndGlobalSection
EndGlobal
